
Microsoft Visual Studio Solution File, Format Version 12.00
# Visual Studio 15
VisualStudioVersion = 15.0.28307.645
MinimumVisualStudioVersion = 10.0.40219.1
Project("{FAE04EC0-301F-11D3-BF4B-00C04F79EFBC}") = "CoreGallery", "CoreGallery\CoreGallery.csproj", "{7A0F9D33-A2AF-48AB-B451-9A4388CA26C8}"
EndProject
Global
	GlobalSection(SolutionConfigurationPlatforms) = preSolution
		Debug|Any CPU = Debug|Any CPU
		Release|Any CPU = Release|Any CPU
	EndGlobalSection
	GlobalSection(ProjectConfigurationPlatforms) = postSolution
		{7A0F9D33-A2AF-48AB-B451-9A4388CA26C8}.Debug|Any CPU.ActiveCfg = Debug|Any CPU
		{7A0F9D33-A2AF-48AB-B451-9A4388CA26C8}.Debug|Any CPU.Build.0 = Debug|Any CPU
		{7A0F9D33-A2AF-48AB-B451-9A4388CA26C8}.Release|Any CPU.ActiveCfg = Release|Any CPU
		{7A0F9D33-A2AF-48AB-B451-9A4388CA26C8}.Release|Any CPU.Build.0 = Release|Any CPU
	EndGlobalSection
	GlobalSection(SolutionProperties) = preSolution
		HideSolutionNode = FALSE
	EndGlobalSection
	GlobalSection(ExtensibilityGlobals) = postSolution
		SolutionGuid = {83651DFA-1AC0-4DA5-85E4-7D31BEBB7CCE}
	EndGlobalSection
EndGlobal
